
Microsoft Visual Studio Solution File, Format Version 12.00
# Visual Studio Version 16
VisualStudioVersion = 16.0.31424.327
MinimumVisualStudioVersion = 10.0.40219.1
Project("{FAE04EC0-301F-11D3-BF4B-00C04F79EFBC}") = "Overview", "Overview.csproj", "{1147589D-17E3-430E-9F89-E0AD6F6F2D74}"
EndProject
Global
	GlobalSection(SolutionConfigurationPlatforms) = preSolution
		Debug|Any CPU = Debug|Any CPU
		Release|Any CPU = Release|Any CPU
	EndGlobalSection
	GlobalSection(ProjectConfigurationPlatforms) = postSolution
		{1147589D-17E3-430E-9F89-E0AD6F6F2D74}.Debug|Any CPU.ActiveCfg = Debug|Any CPU
		{1147589D-17E3-430E-9F89-E0AD6F6F2D74}.Debug|Any CPU.Build.0 = Debug|Any CPU
		{1147589D-17E3-430E-9F89-E0AD6F6F2D74}.Release|Any CPU.ActiveCfg = Release|Any CPU
		{1147589D-17E3-430E-9F89-E0AD6F6F2D74}.Release|Any CPU.Build.0 = Release|Any CPU
	EndGlobalSection
	GlobalSection(SolutionProperties) = preSolution
		HideSolutionNode = FALSE
	EndGlobalSection
	GlobalSection(ExtensibilityGlobals) = postSolution
		SolutionGuid = {FEA8B217-8EB8-4568-BB9E-F93F922494A4}
	EndGlobalSection
EndGlobal
